{
  "version": 4,
  "terraform_version": "0.12.20",
  "serial": 11,
  "lineage": "9da2a3d0-5ea2-4e38-8ae9-d9d1f95d2aa4",
  "outputs": {},
  "resources": [
    {
      "mode": "managed",
      "type": "commercetools_channel",
      "name": "project",
      "provider": "provider.commercetools",
      "instances": [
        {
          "schema_version": 0,
          "attributes": {
            "description": {
              "en": "Channel-description"
            },
            "id": "2e313576-bcb4-4cdc-8f3e-4f340f01435a",
            "key": "20202020",
            "name": {
              "en": "Channel-name"
            },
            "roles": [
              "ProductDistribution"
            ],
            "version": 5
          },
          "private": "bnVsbA=="
        }
      ]
    },
    {
      "mode": "managed",
      "type": "commercetools_project_settings",
      "name": "project",
      "provider": "provider.commercetools",
      "instances": [
        {
          "schema_version": 0,
          "attributes": {
            "countries": [],
            "currencies": [
              "USD"
            ],
            "external_oauth": {},
            "id": "dawn-foods-sandbox-1",
            "key": null,
            "languages": [
              "en"
            ],
            "messages": null,
            "name": "Dawn Foods  Sandbox",
            "version": 8
          },
          "private": "eyJzY2hlbWFfdmVyc2lvbiI6IjAifQ=="
        }
      ]
    }
  ]
}
